
Microsoft Visual Studio Solution File, Format Version 12.00
# Visual Studio Version 17
VisualStudioVersion = 17.5.33502.453
MinimumVisualStudioVersion = 10.0.40219.1
Project("{9A19103F-16F7-4668-BE54-9A1E7A4F7556}") = "bad-each-way-finder-api", "bad-each-way-finder-api\bad-each-way-finder-api.csproj", "{EA5926DB-1C05-4D01-99A9-C36EB3435C45}"
EndProject
Project("{9A19103F-16F7-4668-BE54-9A1E7A4F7556}") = "bad-each-way-finder-api-domain", "bad-each-way-finder-api-domain\bad-each-way-finder-api-domain.csproj", "{5B5018A2-C27B-4AAE-B381-DD469312E0BA}"
EndProject
Project("{9A19103F-16F7-4668-BE54-9A1E7A4F7556}") = "bad-each-way-finder-api-auth", "bad-each-way-finder-api-auth\bad-each-way-finder-api-auth.csproj", "{96E7EFDA-1E33-41D1-A81E-7155ECEFC4A2}"
EndProject
Project("{9A19103F-16F7-4668-BE54-9A1E7A4F7556}") = "bad-each-way-finder-api-exchange", "bad-each-way-finder-api-exchange\bad-each-way-finder-api-exchange.csproj", "{0D2908FD-DD9C-4A06-A022-CCC0568A1FE8}"
EndProject
Project("{9A19103F-16F7-4668-BE54-9A1E7A4F7556}") = "bad-each-way-finder-api-sportsbook", "bad-each-way-finder-api-sportsbook\bad-each-way-finder-api-sportsbook.csproj", "{7D1C0C92-D1E3-46ED-8C15-16F904691FBD}"
EndProject
Project("{9A19103F-16F7-4668-BE54-9A1E7A4F7556}") = "bad-each-way-finder-api-data", "bad-each-way-finder-api-data\bad-each-way-finder-api-data.csproj", "{FD556637-DB89-4B0D-8285-1ADDB0CA9DA4}"
EndProject
Global
	GlobalSection(SolutionConfigurationPlatforms) = preSolution
		Debug|Any CPU = Debug|Any CPU
		Release|Any CPU = Release|Any CPU
	EndGlobalSection
	GlobalSection(ProjectConfigurationPlatforms) = postSolution
		{EA5926DB-1C05-4D01-99A9-C36EB3435C45}.Debug|Any CPU.ActiveCfg = Debug|Any CPU
		{EA5926DB-1C05-4D01-99A9-C36EB3435C45}.Debug|Any CPU.Build.0 = Debug|Any CPU
		{EA5926DB-1C05-4D01-99A9-C36EB3435C45}.Release|Any CPU.ActiveCfg = Release|Any CPU
		{EA5926DB-1C05-4D01-99A9-C36EB3435C45}.Release|Any CPU.Build.0 = Release|Any CPU
		{5B5018A2-C27B-4AAE-B381-DD469312E0BA}.Debug|Any CPU.ActiveCfg = Debug|Any CPU
		{5B5018A2-C27B-4AAE-B381-DD469312E0BA}.Debug|Any CPU.Build.0 = Debug|Any CPU
		{5B5018A2-C27B-4AAE-B381-DD469312E0BA}.Release|Any CPU.ActiveCfg = Release|Any CPU
		{5B5018A2-C27B-4AAE-B381-DD469312E0BA}.Release|Any CPU.Build.0 = Release|Any CPU
		{96E7EFDA-1E33-41D1-A81E-7155ECEFC4A2}.Debug|Any CPU.ActiveCfg = Debug|Any CPU
		{96E7EFDA-1E33-41D1-A81E-7155ECEFC4A2}.Debug|Any CPU.Build.0 = Debug|Any CPU
		{96E7EFDA-1E33-41D1-A81E-7155ECEFC4A2}.Release|Any CPU.ActiveCfg = Release|Any CPU
		{96E7EFDA-1E33-41D1-A81E-7155ECEFC4A2}.Release|Any CPU.Build.0 = Release|Any CPU
		{0D2908FD-DD9C-4A06-A022-CCC0568A1FE8}.Debug|Any CPU.ActiveCfg = Debug|Any CPU
		{0D2908FD-DD9C-4A06-A022-CCC0568A1FE8}.Debug|Any CPU.Build.0 = Debug|Any CPU
		{0D2908FD-DD9C-4A06-A022-CCC0568A1FE8}.Release|Any CPU.ActiveCfg = Release|Any CPU
		{0D2908FD-DD9C-4A06-A022-CCC0568A1FE8}.Release|Any CPU.Build.0 = Release|Any CPU
		{7D1C0C92-D1E3-46ED-8C15-16F904691FBD}.Debug|Any CPU.ActiveCfg = Debug|Any CPU
		{7D1C0C92-D1E3-46ED-8C15-16F904691FBD}.Debug|Any CPU.Build.0 = Debug|Any CPU
		{7D1C0C92-D1E3-46ED-8C15-16F904691FBD}.Release|Any CPU.ActiveCfg = Release|Any CPU
		{7D1C0C92-D1E3-46ED-8C15-16F904691FBD}.Release|Any CPU.Build.0 = Release|Any CPU
		{FD556637-DB89-4B0D-8285-1ADDB0CA9DA4}.Debug|Any CPU.ActiveCfg = Debug|Any CPU
		{FD556637-DB89-4B0D-8285-1ADDB0CA9DA4}.Debug|Any CPU.Build.0 = Debug|Any CPU
		{FD556637-DB89-4B0D-8285-1ADDB0CA9DA4}.Release|Any CPU.ActiveCfg = Release|Any CPU
		{FD556637-DB89-4B0D-8285-1ADDB0CA9DA4}.Release|Any CPU.Build.0 = Release|Any CPU
	EndGlobalSection
	GlobalSection(SolutionProperties) = preSolution
		HideSolutionNode = FALSE
	EndGlobalSection
	GlobalSection(ExtensibilityGlobals) = postSolution
		SolutionGuid = {AFD30EE8-8B57-458C-BBAB-C7E548EACD91}
	EndGlobalSection
EndGlobal
